// !$*UTF8*$!
{
	archiveVersion = 1;
	classes = {
	};
	objectVersion = 56;
	objects = {

/* Begin PBXBuildFile section */
		22404F592D438E720075ADD6 /* SearchBar.swift in Sources */ = {isa = PBXBuildFile; fileRef = 22404F582D438E720075ADD6 /* SearchBar.swift */; };
		22404F5C2D43923A0075ADD6 /* DestinationModel.swift in Sources */ = {isa = PBXBuildFile; fileRef = 22404F5B2D43923A0075ADD6 /* DestinationModel.swift */; };
		22404F602D4396F20075ADD6 /* RowView.swift in Sources */ = {isa = PBXBuildFile; fileRef = 22404F5F2D4396F20075ADD6 /* RowView.swift */; };
		22404F6C2D43C0020075ADD6 /* StationSelectionView.swift in Sources */ = {isa = PBXBuildFile; fileRef = 22404F6B2D43C0020075ADD6 /* StationSelectionView.swift */; };
		22732EB92D673C0800DA464E /* DestinationViewModel.swift in Sources */ = {isa = PBXBuildFile; fileRef = 22732EB82D673C0800DA464E /* DestinationViewModel.swift */; };
		22732EBF2D674E9D00DA464E /* DestinationsModels.swift in Sources */ = {isa = PBXBuildFile; fileRef = 22732EBE2D674E9D00DA464E /* DestinationsModels.swift */; };
		22732EC22D675F9600DA464E /* CarrierViewModel.swift in Sources */ = {isa = PBXBuildFile; fileRef = 22732EC12D675F9500DA464E /* CarrierViewModel.swift */; };
		228E3F582D436AD400D0C92A /* ScheduleViewModel.swift in Sources */ = {isa = PBXBuildFile; fileRef = 228E3F572D436AD400D0C92A /* ScheduleViewModel.swift */; };
		228E3F5C2D436B4600D0C92A /* ServiceFunctions.swift in Sources */ = {isa = PBXBuildFile; fileRef = 228E3F5B2D436B4600D0C92A /* ServiceFunctions.swift */; };
		228E3F652D437AC500D0C92A /* CitySelectionView.swift in Sources */ = {isa = PBXBuildFile; fileRef = 228E3F642D437AC500D0C92A /* CitySelectionView.swift */; };
		22BC89772D47D294004FD6A2 /* StoryViewFullScreen.swift in Sources */ = {isa = PBXBuildFile; fileRef = 22BC89762D47D294004FD6A2 /* StoryViewFullScreen.swift */; };
		22BC897E2D47FA3B004FD6A2 /* ErrorView.swift in Sources */ = {isa = PBXBuildFile; fileRef = 22BC897D2D47FA3B004FD6A2 /* ErrorView.swift */; };
		22BC89852D48020F004FD6A2 /* SettingsView.swift in Sources */ = {isa = PBXBuildFile; fileRef = 22BC89842D48020F004FD6A2 /* SettingsView.swift */; };
		22BC89882D480457004FD6A2 /* AgreementView.swift in Sources */ = {isa = PBXBuildFile; fileRef = 22BC89872D480457004FD6A2 /* AgreementView.swift */; };
		22C086A12D2030EE001B7E1E /* openapi.yaml in Resources */ = {isa = PBXBuildFile; fileRef = 22C086A02D2030EE001B7E1E /* openapi.yaml */; };
		22D693FE2D1ECBED00691B46 /* AppDelegate.swift in Sources */ = {isa = PBXBuildFile; fileRef = 22D693FD2D1ECBED00691B46 /* AppDelegate.swift */; };
		22D694002D1ECBED00691B46 /* SceneDelegate.swift in Sources */ = {isa = PBXBuildFile; fileRef = 22D693FF2D1ECBED00691B46 /* SceneDelegate.swift */; };
		22D694022D1ECBED00691B46 /* ContentView.swift in Sources */ = {isa = PBXBuildFile; fileRef = 22D694012D1ECBED00691B46 /* ContentView.swift */; };
		22D694052D1ECBED00691B46 /* Base in Resources */ = {isa = PBXBuildFile; fileRef = 22D694042D1ECBED00691B46 /* Base */; };
		22D694072D1ECBEF00691B46 /* Assets.xcassets in Resources */ = {isa = PBXBuildFile; fileRef = 22D694062D1ECBEF00691B46 /* Assets.xcassets */; };
		22D6940A2D1ECBEF00691B46 /* Base in Resources */ = {isa = PBXBuildFile; fileRef = 22D694092D1ECBEF00691B46 /* Base */; };
		22D694152D1EEFFB00691B46 /* TabBarView.swift in Sources */ = {isa = PBXBuildFile; fileRef = 22D694142D1EEFFB00691B46 /* TabBarView.swift */; };
		22D694172D1EFFA300691B46 /* Constants.swift in Sources */ = {isa = PBXBuildFile; fileRef = 22D694162D1EFFA300691B46 /* Constants.swift */; };
		22D6942F2D1F0DA500691B46 /* OpenAPIRuntime in Frameworks */ = {isa = PBXBuildFile; productRef = 22D6942E2D1F0DA500691B46 /* OpenAPIRuntime */; };
		22D694312D1F0DAA00691B46 /* OpenAPIURLSession in Frameworks */ = {isa = PBXBuildFile; productRef = 22D694302D1F0DAA00691B46 /* OpenAPIURLSession */; };
		22D694402D1F156900691B46 /* openapi-generator-config.yaml in Resources */ = {isa = PBXBuildFile; fileRef = 22D6943F2D1F156900691B46 /* openapi-generator-config.yaml */; };
		22D694432D1F15D900691B46 /* NetworkService.swift in Sources */ = {isa = PBXBuildFile; fileRef = 22D694422D1F15D900691B46 /* NetworkService.swift */; };
		22E40FD52D44D70F00D97D8F /* CarrierView.swift in Sources */ = {isa = PBXBuildFile; fileRef = 22E40FD42D44D70F00D97D8F /* CarrierView.swift */; };
		22E40FD82D44DB6500D97D8F /* CarrierCard.swift in Sources */ = {isa = PBXBuildFile; fileRef = 22E40FD72D44DB6500D97D8F /* CarrierCard.swift */; };
		22E40FDB2D44F38200D97D8F /* FilterView.swift in Sources */ = {isa = PBXBuildFile; fileRef = 22E40FDA2D44F38200D97D8F /* FilterView.swift */; };
		22E40FDE2D44F46200D97D8F /* FilterHeader.swift in Sources */ = {isa = PBXBuildFile; fileRef = 22E40FDD2D44F46200D97D8F /* FilterHeader.swift */; };
		22E40FE62D44FAEF00D97D8F /* CheckBox.swift in Sources */ = {isa = PBXBuildFile; fileRef = 22E40FE52D44FAEF00D97D8F /* CheckBox.swift */; };
		22E40FEA2D45036600D97D8F /* Radio.swift in Sources */ = {isa = PBXBuildFile; fileRef = 22E40FE92D45036600D97D8F /* Radio.swift */; };
		22E40FED2D451E6700D97D8F /* CarrierDetailsView.swift in Sources */ = {isa = PBXBuildFile; fileRef = 22E40FEC2D451E6700D97D8F /* CarrierDetailsView.swift */; };
		22E40FF62D4620C100D97D8F /* CarrierDetailsRow.swift in Sources */ = {isa = PBXBuildFile; fileRef = 22E40FF52D4620C100D97D8F /* CarrierDetailsRow.swift */; };
		22FC0CB72D4A165900FC2A4B /* ErrorModels.swift in Sources */ = {isa = PBXBuildFile; fileRef = 22FC0CB62D4A165900FC2A4B /* ErrorModels.swift */; };
/* End PBXBuildFile section */

/* Begin PBXFileReference section */
		22404F582D438E720075ADD6 /* SearchBar.swift */ = {isa = PBXFileReference; fileEncoding = 4; lastKnownFileType = sourcecode.swift; path = SearchBar.swift; sourceTree = "<group>"; };
		22404F5B2D43923A0075ADD6 /* DestinationModel.swift */ = {isa = PBXFileReference; lastKnownFileType = sourcecode.swift; path = DestinationModel.swift; sourceTree = "<group>"; };
		22404F5F2D4396F20075ADD6 /* RowView.swift */ = {isa = PBXFileReference; lastKnownFileType = sourcecode.swift; path = RowView.swift; sourceTree = "<group>"; };
		22404F6B2D43C0020075ADD6 /* StationSelectionView.swift */ = {isa = PBXFileReference; lastKnownFileType = sourcecode.swift; path = StationSelectionView.swift; sourceTree = "<group>"; };
		22732EB82D673C0800DA464E /* DestinationViewModel.swift */ = {isa = PBXFileReference; lastKnownFileType = sourcecode.swift; path = DestinationViewModel.swift; sourceTree = "<group>"; };
		22732EBE2D674E9D00DA464E /* DestinationsModels.swift */ = {isa = PBXFileReference; lastKnownFileType = sourcecode.swift; path = DestinationsModels.swift; sourceTree = "<group>"; };
		22732EC12D675F9500DA464E /* CarrierViewModel.swift */ = {isa = PBXFileReference; lastKnownFileType = sourcecode.swift; path = CarrierViewModel.swift; sourceTree = "<group>"; };
		228E3F572D436AD400D0C92A /* ScheduleViewModel.swift */ = {isa = PBXFileReference; lastKnownFileType = sourcecode.swift; path = ScheduleViewModel.swift; sourceTree = "<group>"; };
		228E3F5B2D436B4600D0C92A /* ServiceFunctions.swift */ = {isa = PBXFileReference; lastKnownFileType = sourcecode.swift; path = ServiceFunctions.swift; sourceTree = "<group>"; };
		228E3F642D437AC500D0C92A /* CitySelectionView.swift */ = {isa = PBXFileReference; lastKnownFileType = sourcecode.swift; path = CitySelectionView.swift; sourceTree = "<group>"; };
		22BC89762D47D294004FD6A2 /* StoryViewFullScreen.swift */ = {isa = PBXFileReference; lastKnownFileType = sourcecode.swift; path = StoryViewFullScreen.swift; sourceTree = "<group>"; };
		22BC897D2D47FA3B004FD6A2 /* ErrorView.swift */ = {isa = PBXFileReference; lastKnownFileType = sourcecode.swift; path = ErrorView.swift; sourceTree = "<group>"; };
		22BC89842D48020F004FD6A2 /* SettingsView.swift */ = {isa = PBXFileReference; lastKnownFileType = sourcecode.swift; path = SettingsView.swift; sourceTree = "<group>"; };
		22BC89872D480457004FD6A2 /* AgreementView.swift */ = {isa = PBXFileReference; lastKnownFileType = sourcecode.swift; path = AgreementView.swift; sourceTree = "<group>"; };
		22C086A02D2030EE001B7E1E /* openapi.yaml */ = {isa = PBXFileReference; fileEncoding = 4; lastKnownFileType = text.yaml; path = openapi.yaml; sourceTree = SOURCE_ROOT; };
		22D693FA2D1ECBED00691B46 /* Schedule.app */ = {isa = PBXFileReference; explicitFileType = wrapper.application; includeInIndex = 0; path = Schedule.app; sourceTree = BUILT_PRODUCTS_DIR; };
		22D693FD2D1ECBED00691B46 /* AppDelegate.swift */ = {isa = PBXFileReference; lastKnownFileType = sourcecode.swift; path = AppDelegate.swift; sourceTree = "<group>"; };
		22D693FF2D1ECBED00691B46 /* SceneDelegate.swift */ = {isa = PBXFileReference; lastKnownFileType = sourcecode.swift; path = SceneDelegate.swift; sourceTree = "<group>"; };
		22D694012D1ECBED00691B46 /* ContentView.swift */ = {isa = PBXFileReference; lastKnownFileType = sourcecode.swift; path = ContentView.swift; sourceTree = "<group>"; };
		22D694042D1ECBED00691B46 /* Base */ = {isa = PBXFileReference; lastKnownFileType = file.storyboard; name = Base; path = Base.lproj/Main.storyboard; sourceTree = "<group>"; };
		22D694062D1ECBEF00691B46 /* Assets.xcassets */ = {isa = PBXFileReference; lastKnownFileType = folder.assetcatalog; path = Assets.xcassets; sourceTree = "<group>"; };
		22D694092D1ECBEF00691B46 /* Base */ = {isa = PBXFileReference; lastKnownFileType = file.storyboard; name = Base; path = Base.lproj/LaunchScreen.storyboard; sourceTree = "<group>"; };
		22D6940B2D1ECBEF00691B46 /* Info.plist */ = {isa = PBXFileReference; lastKnownFileType = text.plist.xml; path = Info.plist; sourceTree = "<group>"; };
		22D694142D1EEFFB00691B46 /* TabBarView.swift */ = {isa = PBXFileReference; lastKnownFileType = sourcecode.swift; path = TabBarView.swift; sourceTree = "<group>"; };
		22D694162D1EFFA300691B46 /* Constants.swift */ = {isa = PBXFileReference; lastKnownFileType = sourcecode.swift; path = Constants.swift; sourceTree = "<group>"; };
		22D6943F2D1F156900691B46 /* openapi-generator-config.yaml */ = {isa = PBXFileReference; lastKnownFileType = text.yaml; path = "openapi-generator-config.yaml"; sourceTree = "<group>"; };
		22D694422D1F15D900691B46 /* NetworkService.swift */ = {isa = PBXFileReference; lastKnownFileType = sourcecode.swift; path = NetworkService.swift; sourceTree = "<group>"; };
		22E40FD42D44D70F00D97D8F /* CarrierView.swift */ = {isa = PBXFileReference; lastKnownFileType = sourcecode.swift; path = CarrierView.swift; sourceTree = "<group>"; };
		22E40FD72D44DB6500D97D8F /* CarrierCard.swift */ = {isa = PBXFileReference; lastKnownFileType = sourcecode.swift; path = CarrierCard.swift; sourceTree = "<group>"; };
		22E40FDA2D44F38200D97D8F /* FilterView.swift */ = {isa = PBXFileReference; lastKnownFileType = sourcecode.swift; path = FilterView.swift; sourceTree = "<group>"; };
		22E40FDD2D44F46200D97D8F /* FilterHeader.swift */ = {isa = PBXFileReference; lastKnownFileType = sourcecode.swift; path = FilterHeader.swift; sourceTree = "<group>"; };
		22E40FE52D44FAEF00D97D8F /* CheckBox.swift */ = {isa = PBXFileReference; lastKnownFileType = sourcecode.swift; path = CheckBox.swift; sourceTree = "<group>"; };
		22E40FE92D45036600D97D8F /* Radio.swift */ = {isa = PBXFileReference; lastKnownFileType = sourcecode.swift; path = Radio.swift; sourceTree = "<group>"; };
		22E40FEC2D451E6700D97D8F /* CarrierDetailsView.swift */ = {isa = PBXFileReference; lastKnownFileType = sourcecode.swift; path = CarrierDetailsView.swift; sourceTree = "<group>"; };
		22E40FF52D4620C100D97D8F /* CarrierDetailsRow.swift */ = {isa = PBXFileReference; lastKnownFileType = sourcecode.swift; path = CarrierDetailsRow.swift; sourceTree = "<group>"; };
		22FC0CB62D4A165900FC2A4B /* ErrorModels.swift */ = {isa = PBXFileReference; lastKnownFileType = sourcecode.swift; path = ErrorModels.swift; sourceTree = "<group>"; };
/* End PBXFileReference section */

/* Begin PBXFrameworksBuildPhase section */
		22D693F72D1ECBED00691B46 /* Frameworks */ = {
			isa = PBXFrameworksBuildPhase;
			buildActionMask = 2147483647;
			files = (
				22D694312D1F0DAA00691B46 /* OpenAPIURLSession in Frameworks */,
				22D6942F2D1F0DA500691B46 /* OpenAPIRuntime in Frameworks */,
			);
			runOnlyForDeploymentPostprocessing = 0;
		};
/* End PBXFrameworksBuildPhase section */

/* Begin PBXGroup section */
		22404F542D438E0B0075ADD6 /* SelectDestination */ = {
			isa = PBXGroup;
			children = (
				22732EBB2D673C8400DA464E /* Models */,
				228E3F642D437AC500D0C92A /* CitySelectionView.swift */,
				22404F6B2D43C0020075ADD6 /* StationSelectionView.swift */,
				22732EB82D673C0800DA464E /* DestinationViewModel.swift */,
				22404F5F2D4396F20075ADD6 /* RowView.swift */,
				22404F582D438E720075ADD6 /* SearchBar.swift */,
			);
			path = SelectDestination;
			sourceTree = "<group>";
		};
		22732EBB2D673C8400DA464E /* Models */ = {
			isa = PBXGroup;
			children = (
				22732EBE2D674E9D00DA464E /* DestinationsModels.swift */,
			);
			path = Models;
			sourceTree = "<group>";
		};
		228E3F532D436A2D00D0C92A /* View */ = {
			isa = PBXGroup;
			children = (
				22BC89812D4801F6004FD6A2 /* Settings */,
				22BC897C2D47FA29004FD6A2 /* ErrorViews */,
				22E40FF32D456DB100D97D8F /* Stories */,
				22E40FD12D44D6DA00D97D8F /* CarrierSelection */,
				22404F542D438E0B0075ADD6 /* SelectDestination */,
				22D694012D1ECBED00691B46 /* ContentView.swift */,
				228E3F5B2D436B4600D0C92A /* ServiceFunctions.swift */,
				22D694142D1EEFFB00691B46 /* TabBarView.swift */,
			);
			path = View;
			sourceTree = "<group>";
		};
		228E3F552D436A6900D0C92A /* Model */ = {
			isa = PBXGroup;
			children = (
				22404F5B2D43923A0075ADD6 /* DestinationModel.swift */,
				22FC0CB62D4A165900FC2A4B /* ErrorModels.swift */,
			);
			path = Model;
			sourceTree = "<group>";
		};
		228E3F562D436A7000D0C92A /* ViewModel */ = {
			isa = PBXGroup;
			children = (
				228E3F572D436AD400D0C92A /* ScheduleViewModel.swift */,
			);
			path = ViewModel;
			sourceTree = "<group>";
		};
		22BC897C2D47FA29004FD6A2 /* ErrorViews */ = {
			isa = PBXGroup;
			children = (
				22BC897D2D47FA3B004FD6A2 /* ErrorView.swift */,
			);
			path = ErrorViews;
			sourceTree = "<group>";
		};
		22BC89812D4801F6004FD6A2 /* Settings */ = {
			isa = PBXGroup;
			children = (
				22BC89842D48020F004FD6A2 /* SettingsView.swift */,
				22BC89872D480457004FD6A2 /* AgreementView.swift */,
			);
			path = Settings;
			sourceTree = "<group>";
		};
		22D693F12D1ECBED00691B46 = {
			isa = PBXGroup;
			children = (
				22D693FC2D1ECBED00691B46 /* Schedule */,
				22D693FB2D1ECBED00691B46 /* Products */,
				22D6942D2D1F0DA500691B46 /* Frameworks */,
			);
			sourceTree = "<group>";
		};
		22D693FB2D1ECBED00691B46 /* Products */ = {
			isa = PBXGroup;
			children = (
				22D693FA2D1ECBED00691B46 /* Schedule.app */,
			);
			name = Products;
			sourceTree = "<group>";
		};
		22D693FC2D1ECBED00691B46 /* Schedule */ = {
			isa = PBXGroup;
			children = (
				228E3F562D436A7000D0C92A /* ViewModel */,
				228E3F552D436A6900D0C92A /* Model */,
				228E3F532D436A2D00D0C92A /* View */,
				22C086A02D2030EE001B7E1E /* openapi.yaml */,
				22D6943F2D1F156900691B46 /* openapi-generator-config.yaml */,
				22D693FD2D1ECBED00691B46 /* AppDelegate.swift */,
				22D694422D1F15D900691B46 /* NetworkService.swift */,
				22D693FF2D1ECBED00691B46 /* SceneDelegate.swift */,
				22D694162D1EFFA300691B46 /* Constants.swift */,
				22D694032D1ECBED00691B46 /* Main.storyboard */,
				22D694062D1ECBEF00691B46 /* Assets.xcassets */,
				22D694082D1ECBEF00691B46 /* LaunchScreen.storyboard */,
				22D6940B2D1ECBEF00691B46 /* Info.plist */,
			);
			path = Schedule;
			sourceTree = "<group>";
		};
		22D6942D2D1F0DA500691B46 /* Frameworks */ = {
			isa = PBXGroup;
			children = (
			);
			name = Frameworks;
			sourceTree = "<group>";
		};
		22E40FD12D44D6DA00D97D8F /* CarrierSelection */ = {
			isa = PBXGroup;
			children = (
				22E40FE02D44FAC200D97D8F /* Filter */,
				22E40FD42D44D70F00D97D8F /* CarrierView.swift */,
				22732EC12D675F9500DA464E /* CarrierViewModel.swift */,
				22E40FEC2D451E6700D97D8F /* CarrierDetailsView.swift */,
				22E40FF52D4620C100D97D8F /* CarrierDetailsRow.swift */,
				22E40FD72D44DB6500D97D8F /* CarrierCard.swift */,
			);
			path = CarrierSelection;
			sourceTree = "<group>";
		};
		22E40FE02D44FAC200D97D8F /* Filter */ = {
			isa = PBXGroup;
			children = (
				22E40FDD2D44F46200D97D8F /* FilterHeader.swift */,
				22E40FDA2D44F38200D97D8F /* FilterView.swift */,
				22E40FE52D44FAEF00D97D8F /* CheckBox.swift */,
				22E40FE92D45036600D97D8F /* Radio.swift */,
			);
			path = Filter;
			sourceTree = "<group>";
		};
		22E40FF32D456DB100D97D8F /* Stories */ = {
			isa = PBXGroup;
			children = (
				22BC89762D47D294004FD6A2 /* StoryViewFullScreen.swift */,
			);
			path = Stories;
			sourceTree = "<group>";
		};
/* End PBXGroup section */

/* Begin PBXNativeTarget section */
		22D693F92D1ECBED00691B46 /* Schedule */ = {
			isa = PBXNativeTarget;
			buildConfigurationList = 22D6940E2D1ECBEF00691B46 /* Build configuration list for PBXNativeTarget "Schedule" */;
			buildPhases = (
				22D693F62D1ECBED00691B46 /* Sources */,
				22D693F72D1ECBED00691B46 /* Frameworks */,
				22D693F82D1ECBED00691B46 /* Resources */,
			);
			buildRules = (
			);
			dependencies = (
				22D694332D1F10A900691B46 /* PBXTargetDependency */,
			);
			name = Schedule;
			packageProductDependencies = (
				22D6942E2D1F0DA500691B46 /* OpenAPIRuntime */,
				22D694302D1F0DAA00691B46 /* OpenAPIURLSession */,
			);
			productName = Schedule;
			productReference = 22D693FA2D1ECBED00691B46 /* Schedule.app */;
			productType = "com.apple.product-type.application";
		};
/* End PBXNativeTarget section */

/* Begin PBXProject section */
		22D693F22D1ECBED00691B46 /* Project object */ = {
			isa = PBXProject;
			attributes = {
				BuildIndependentTargetsInParallel = 1;
				LastSwiftUpdateCheck = 1530;
				LastUpgradeCheck = 1530;
				TargetAttributes = {
					22D693F92D1ECBED00691B46 = {
						CreatedOnToolsVersion = 15.3;
					};
				};
			};
			buildConfigurationList = 22D693F52D1ECBED00691B46 /* Build configuration list for PBXProject "Schedule" */;
			compatibilityVersion = "Xcode 14.0";
			developmentRegion = en;
			hasScannedForEncodings = 0;
			knownRegions = (
				en,
				Base,
			);
			mainGroup = 22D693F12D1ECBED00691B46;
			packageReferences = (
				22D694182D1F012E00691B46 /* XCRemoteSwiftPackageReference "swift-openapi-generator" */,
				22D6941D2D1F015E00691B46 /* XCRemoteSwiftPackageReference "swift-openapi-runtime" */,
				22D694202D1F017C00691B46 /* XCRemoteSwiftPackageReference "swift-openapi-urlsession" */,
			);
			productRefGroup = 22D693FB2D1ECBED00691B46 /* Products */;
			projectDirPath = "";
			projectRoot = "";
			targets = (
				22D693F92D1ECBED00691B46 /* Schedule */,
			);
		};
/* End PBXProject section */

/* Begin PBXResourcesBuildPhase section */
		22D693F82D1ECBED00691B46 /* Resources */ = {
			isa = PBXResourcesBuildPhase;
			buildActionMask = 2147483647;
			files = (
				22D694072D1ECBEF00691B46 /* Assets.xcassets in Resources */,
				22D6940A2D1ECBEF00691B46 /* Base in Resources */,
				22D694402D1F156900691B46 /* openapi-generator-config.yaml in Resources */,
				22D694052D1ECBED00691B46 /* Base in Resources */,
				22C086A12D2030EE001B7E1E /* openapi.yaml in Resources */,
			);
			runOnlyForDeploymentPostprocessing = 0;
		};
/* End PBXResourcesBuildPhase section */

/* Begin PBXSourcesBuildPhase section */
		22D693F62D1ECBED00691B46 /* Sources */ = {
			isa = PBXSourcesBuildPhase;
			buildActionMask = 2147483647;
			files = (
				22404F592D438E720075ADD6 /* SearchBar.swift in Sources */,
				22E40FDE2D44F46200D97D8F /* FilterHeader.swift in Sources */,
				22BC897E2D47FA3B004FD6A2 /* ErrorView.swift in Sources */,
				22732EC22D675F9600DA464E /* CarrierViewModel.swift in Sources */,
				22E40FE62D44FAEF00D97D8F /* CheckBox.swift in Sources */,
				22404F602D4396F20075ADD6 /* RowView.swift in Sources */,
				22D694022D1ECBED00691B46 /* ContentView.swift in Sources */,
				22BC89772D47D294004FD6A2 /* StoryViewFullScreen.swift in Sources */,
				22E40FDB2D44F38200D97D8F /* FilterView.swift in Sources */,
				228E3F5C2D436B4600D0C92A /* ServiceFunctions.swift in Sources */,
				22732EB92D673C0800DA464E /* DestinationViewModel.swift in Sources */,
				22D693FE2D1ECBED00691B46 /* AppDelegate.swift in Sources */,
				22D694002D1ECBED00691B46 /* SceneDelegate.swift in Sources */,
				22E40FF62D4620C100D97D8F /* CarrierDetailsRow.swift in Sources */,
				22FC0CB72D4A165900FC2A4B /* ErrorModels.swift in Sources */,
				22404F5C2D43923A0075ADD6 /* DestinationModel.swift in Sources */,
				22E40FEA2D45036600D97D8F /* Radio.swift in Sources */,
				22404F6C2D43C0020075ADD6 /* StationSelectionView.swift in Sources */,
				22BC89852D48020F004FD6A2 /* SettingsView.swift in Sources */,
				22E40FED2D451E6700D97D8F /* CarrierDetailsView.swift in Sources */,
				22BC89882D480457004FD6A2 /* AgreementView.swift in Sources */,
				22732EBF2D674E9D00DA464E /* DestinationsModels.swift in Sources */,
				228E3F582D436AD400D0C92A /* ScheduleViewModel.swift in Sources */,
				22E40FD82D44DB6500D97D8F /* CarrierCard.swift in Sources */,
				22D694152D1EEFFB00691B46 /* TabBarView.swift in Sources */,
				22D694172D1EFFA300691B46 /* Constants.swift in Sources */,
				228E3F652D437AC500D0C92A /* CitySelectionView.swift in Sources */,
				22D694432D1F15D900691B46 /* NetworkService.swift in Sources */,
				22E40FD52D44D70F00D97D8F /* CarrierView.swift in Sources */,
			);
			runOnlyForDeploymentPostprocessing = 0;
		};
/* End PBXSourcesBuildPhase section */

/* Begin PBXTargetDependency section */
		22D694332D1F10A900691B46 /* PBXTargetDependency */ = {
			isa = PBXTargetDependency;
			productRef = 22D694322D1F10A900691B46 /* OpenAPIGenerator */;
		};
/* End PBXTargetDependency section */

/* Begin PBXVariantGroup section */
		22D694032D1ECBED00691B46 /* Main.storyboard */ = {
			isa = PBXVariantGroup;
			children = (
				22D694042D1ECBED00691B46 /* Base */,
			);
			name = Main.storyboard;
			sourceTree = "<group>";
		};
		22D694082D1ECBEF00691B46 /* LaunchScreen.storyboard */ = {
			isa = PBXVariantGroup;
			children = (
				22D694092D1ECBEF00691B46 /* Base */,
			);
			name = LaunchScreen.storyboard;
			sourceTree = "<group>";
		};
/* End PBXVariantGroup section */

/* Begin XCBuildConfiguration section */
		22D6940C2D1ECBEF00691B46 /* Debug */ = {
			isa = XCBuildConfiguration;
			buildSettings = {
				ALWAYS_SEARCH_USER_PATHS = NO;
				ASSETCATALOG_COMPILER_GENERATE_SWIFT_ASSET_SYMBOL_EXTENSIONS = YES;
				CLANG_ANALYZER_NONNULL = YES;
				CLANG_ANALYZER_NUMBER_OBJECT_CONVERSION = YES_AGGRESSIVE;
				CLANG_CXX_LANGUAGE_STANDARD = "gnu++20";
				CLANG_ENABLE_MODULES = YES;
				CLANG_ENABLE_OBJC_ARC = YES;
				CLANG_ENABLE_OBJC_WEAK = YES;
				CLANG_WARN_BLOCK_CAPTURE_AUTORELEASING = YES;
				CLANG_WARN_BOOL_CONVERSION = YES;
				CLANG_WARN_COMMA = YES;
				CLANG_WARN_CONSTANT_CONVERSION = YES;
				CLANG_WARN_DEPRECATED_OBJC_IMPLEMENTATIONS = YES;
				CLANG_WARN_DIRECT_OBJC_ISA_USAGE = YES_ERROR;
				CLANG_WARN_DOCUMENTATION_COMMENTS = YES;
				CLANG_WARN_EMPTY_BODY = YES;
				CLANG_WARN_ENUM_CONVERSION = YES;
				CLANG_WARN_INFINITE_RECURSION = YES;
				CLANG_WARN_INT_CONVERSION = YES;
				CLANG_WARN_NON_LITERAL_NULL_CONVERSION = YES;
				CLANG_WARN_OBJC_IMPLICIT_RETAIN_SELF = YES;
				CLANG_WARN_OBJC_LITERAL_CONVERSION = YES;
				CLANG_WARN_OBJC_ROOT_CLASS = YES_ERROR;
				CLANG_WARN_QUOTED_INCLUDE_IN_FRAMEWORK_HEADER = YES;
				CLANG_WARN_RANGE_LOOP_ANALYSIS = YES;
				CLANG_WARN_STRICT_PROTOTYPES = YES;
				CLANG_WARN_SUSPICIOUS_MOVE = YES;
				CLANG_WARN_UNGUARDED_AVAILABILITY = YES_AGGRESSIVE;
				CLANG_WARN_UNREACHABLE_CODE = YES;
				CLANG_WARN__DUPLICATE_METHOD_MATCH = YES;
				COPY_PHASE_STRIP = NO;
				DEBUG_INFORMATION_FORMAT = dwarf;
				ENABLE_STRICT_OBJC_MSGSEND = YES;
				ENABLE_TESTABILITY = YES;
				ENABLE_USER_SCRIPT_SANDBOXING = YES;
				GCC_C_LANGUAGE_STANDARD = gnu17;
				GCC_DYNAMIC_NO_PIC = NO;
				GCC_NO_COMMON_BLOCKS = YES;
				GCC_OPTIMIZATION_LEVEL = 0;
				GCC_PREPROCESSOR_DEFINITIONS = (
					"DEBUG=1",
					"$(inherited)",
				);
				GCC_WARN_64_TO_32_BIT_CONVERSION = YES;
				GCC_WARN_ABOUT_RETURN_TYPE = YES_ERROR;
				GCC_WARN_UNDECLARED_SELECTOR = YES;
				GCC_WARN_UNINITIALIZED_AUTOS = YES_AGGRESSIVE;
				GCC_WARN_UNUSED_FUNCTION = YES;
				GCC_WARN_UNUSED_VARIABLE = YES;
				IPHONEOS_DEPLOYMENT_TARGET = 17.4;
				LOCALIZATION_PREFERS_STRING_CATALOGS = YES;
				MTL_ENABLE_DEBUG_INFO = INCLUDE_SOURCE;
				MTL_FAST_MATH = YES;
				ONLY_ACTIVE_ARCH = YES;
				SDKROOT = iphoneos;
				SWIFT_ACTIVE_COMPILATION_CONDITIONS = "DEBUG $(inherited)";
				SWIFT_OPTIMIZATION_LEVEL = "-Onone";
			};
			name = Debug;
		};
		22D6940D2D1ECBEF00691B46 /* Release */ = {
			isa = XCBuildConfiguration;
			buildSettings = {
				ALWAYS_SEARCH_USER_PATHS = NO;
				ASSETCATALOG_COMPILER_GENERATE_SWIFT_ASSET_SYMBOL_EXTENSIONS = YES;
				CLANG_ANALYZER_NONNULL = YES;
				CLANG_ANALYZER_NUMBER_OBJECT_CONVERSION = YES_AGGRESSIVE;
				CLANG_CXX_LANGUAGE_STANDARD = "gnu++20";
				CLANG_ENABLE_MODULES = YES;
				CLANG_ENABLE_OBJC_ARC = YES;
				CLANG_ENABLE_OBJC_WEAK = YES;
				CLANG_WARN_BLOCK_CAPTURE_AUTORELEASING = YES;
				CLANG_WARN_BOOL_CONVERSION = YES;
				CLANG_WARN_COMMA = YES;
				CLANG_WARN_CONSTANT_CONVERSION = YES;
				CLANG_WARN_DEPRECATED_OBJC_IMPLEMENTATIONS = YES;
				CLANG_WARN_DIRECT_OBJC_ISA_USAGE = YES_ERROR;
				CLANG_WARN_DOCUMENTATION_COMMENTS = YES;
				CLANG_WARN_EMPTY_BODY = YES;
				CLANG_WARN_ENUM_CONVERSION = YES;
				CLANG_WARN_INFINITE_RECURSION = YES;
				CLANG_WARN_INT_CONVERSION = YES;
				CLANG_WARN_NON_LITERAL_NULL_CONVERSION = YES;
				CLANG_WARN_OBJC_IMPLICIT_RETAIN_SELF = YES;
				CLANG_WARN_OBJC_LITERAL_CONVERSION = YES;
				CLANG_WARN_OBJC_ROOT_CLASS = YES_ERROR;
				CLANG_WARN_QUOTED_INCLUDE_IN_FRAMEWORK_HEADER = YES;
				CLANG_WARN_RANGE_LOOP_ANALYSIS = YES;
				CLANG_WARN_STRICT_PROTOTYPES = YES;
				CLANG_WARN_SUSPICIOUS_MOVE = YES;
				CLANG_WARN_UNGUARDED_AVAILABILITY = YES_AGGRESSIVE;
				CLANG_WARN_UNREACHABLE_CODE = YES;
				CLANG_WARN__DUPLICATE_METHOD_MATCH = YES;
				COPY_PHASE_STRIP = NO;
				DEBUG_INFORMATION_FORMAT = "dwarf-with-dsym";
				ENABLE_NS_ASSERTIONS = NO;
				ENABLE_STRICT_OBJC_MSGSEND = YES;
				ENABLE_USER_SCRIPT_SANDBOXING = YES;
				GCC_C_LANGUAGE_STANDARD = gnu17;
				GCC_NO_COMMON_BLOCKS = YES;
				GCC_WARN_64_TO_32_BIT_CONVERSION = YES;
				GCC_WARN_ABOUT_RETURN_TYPE = YES_ERROR;
				GCC_WARN_UNDECLARED_SELECTOR = YES;
				GCC_WARN_UNINITIALIZED_AUTOS = YES_AGGRESSIVE;
				GCC_WARN_UNUSED_FUNCTION = YES;
				GCC_WARN_UNUSED_VARIABLE = YES;
				IPHONEOS_DEPLOYMENT_TARGET = 17.4;
				LOCALIZATION_PREFERS_STRING_CATALOGS = YES;
				MTL_ENABLE_DEBUG_INFO = NO;
				MTL_FAST_MATH = YES;
				SDKROOT = iphoneos;
				SWIFT_COMPILATION_MODE = wholemodule;
				VALIDATE_PRODUCT = YES;
			};
			name = Release;
		};
		22D6940F2D1ECBEF00691B46 /* Debug */ = {
			isa = XCBuildConfiguration;
			buildSettings = {
				ASSETCATALOG_COMPILER_APPICON_NAME = AppIcon;
				ASSETCATALOG_COMPILER_GLOBAL_ACCENT_COLOR_NAME = AccentColor;
				CODE_SIGN_STYLE = Automatic;
				CURRENT_PROJECT_VERSION = 1;
				DEVELOPMENT_TEAM = 7B465453NV;
				GENERATE_INFOPLIST_FILE = YES;
				INFOPLIST_FILE = Schedule/Info.plist;
				INFOPLIST_KEY_UIApplicationSupportsIndirectInputEvents = YES;
				INFOPLIST_KEY_UILaunchStoryboardName = LaunchScreen;
				INFOPLIST_KEY_UIMainStoryboardFile = Main;
				INFOPLIST_KEY_UISupportedInterfaceOrientations = UIInterfaceOrientationPortrait;
				INFOPLIST_KEY_UISupportedInterfaceOrientations_iPad = "UIInterfaceOrientationLandscapeLeft UIInterfaceOrientationLandscapeRight UIInterfaceOrientationPortrait UIInterfaceOrientationPortraitUpsideDown";
				IPHONEOS_DEPLOYMENT_TARGET = 16.0;
				LD_RUNPATH_SEARCH_PATHS = (
					"$(inherited)",
					"@executable_path/Frameworks",
				);
				MARKETING_VERSION = 1.0;
				PRODUCT_BUNDLE_IDENTIFIER = ru.atropinskiy.Schedule;
				PRODUCT_NAME = "$(TARGET_NAME)";
				SUPPORTED_PLATFORMS = "iphoneos iphonesimulator";
				SUPPORTS_MACCATALYST = NO;
				SUPPORTS_MAC_DESIGNED_FOR_IPHONE_IPAD = NO;
				SUPPORTS_XR_DESIGNED_FOR_IPHONE_IPAD = NO;
				SWIFT_EMIT_LOC_STRINGS = YES;
				SWIFT_VERSION = 5.0;
				TARGETED_DEVICE_FAMILY = 1;
			};
			name = Debug;
		};
		22D694102D1ECBEF00691B46 /* Release */ = {
			isa = XCBuildConfiguration;
			buildSettings = {
				ASSETCATALOG_COMPILER_APPICON_NAME = AppIcon;
				ASSETCATALOG_COMPILER_GLOBAL_ACCENT_COLOR_NAME = AccentColor;
				CODE_SIGN_STYLE = Automatic;
				CURRENT_PROJECT_VERSION = 1;
				DEVELOPMENT_TEAM = 7B465453NV;
				GENERATE_INFOPLIST_FILE = YES;
				INFOPLIST_FILE = Schedule/Info.plist;
				INFOPLIST_KEY_UIApplicationSupportsIndirectInputEvents = YES;
				INFOPLIST_KEY_UILaunchStoryboardName = LaunchScreen;
				INFOPLIST_KEY_UIMainStoryboardFile = Main;
				INFOPLIST_KEY_UISupportedInterfaceOrientations = UIInterfaceOrientationPortrait;
				INFOPLIST_KEY_UISupportedInterfaceOrientations_iPad = "UIInterfaceOrientationLandscapeLeft UIInterfaceOrientationLandscapeRight UIInterfaceOrientationPortrait UIInterfaceOrientationPortraitUpsideDown";
				IPHONEOS_DEPLOYMENT_TARGET = 16.0;
				LD_RUNPATH_SEARCH_PATHS = (
					"$(inherited)",
					"@executable_path/Frameworks",
				);
				MARKETING_VERSION = 1.0;
				PRODUCT_BUNDLE_IDENTIFIER = ru.atropinskiy.Schedule;
				PRODUCT_NAME = "$(TARGET_NAME)";
				SUPPORTED_PLATFORMS = "iphoneos iphonesimulator";
				SUPPORTS_MACCATALYST = NO;
				SUPPORTS_MAC_DESIGNED_FOR_IPHONE_IPAD = NO;
				SUPPORTS_XR_DESIGNED_FOR_IPHONE_IPAD = NO;
				SWIFT_EMIT_LOC_STRINGS = YES;
				SWIFT_VERSION = 5.0;
				TARGETED_DEVICE_FAMILY = 1;
			};
			name = Release;
		};
/* End XCBuildConfiguration section */

/* Begin XCConfigurationList section */
		22D693F52D1ECBED00691B46 /* Build configuration list for PBXProject "Schedule" */ = {
			isa = XCConfigurationList;
			buildConfigurations = (
				22D6940C2D1ECBEF00691B46 /* Debug */,
				22D6940D2D1ECBEF00691B46 /* Release */,
			);
			defaultConfigurationIsVisible = 0;
			defaultConfigurationName = Release;
		};
		22D6940E2D1ECBEF00691B46 /* Build configuration list for PBXNativeTarget "Schedule" */ = {
			isa = XCConfigurationList;
			buildConfigurations = (
				22D6940F2D1ECBEF00691B46 /* Debug */,
				22D694102D1ECBEF00691B46 /* Release */,
			);
			defaultConfigurationIsVisible = 0;
			defaultConfigurationName = Release;
		};
/* End XCConfigurationList section */

/* Begin XCRemoteSwiftPackageReference section */
		22D694182D1F012E00691B46 /* XCRemoteSwiftPackageReference "swift-openapi-generator" */ = {
			isa = XCRemoteSwiftPackageReference;
			repositoryURL = "https://github.com/apple/swift-openapi-generator";
			requirement = {
				kind = upToNextMajorVersion;
				minimumVersion = 1.6.0;
			};
		};
		22D6941D2D1F015E00691B46 /* XCRemoteSwiftPackageReference "swift-openapi-runtime" */ = {
			isa = XCRemoteSwiftPackageReference;
			repositoryURL = "https://github.com/apple/swift-openapi-runtime";
			requirement = {
				kind = upToNextMajorVersion;
				minimumVersion = 1.7.0;
			};
		};
		22D694202D1F017C00691B46 /* XCRemoteSwiftPackageReference "swift-openapi-urlsession" */ = {
			isa = XCRemoteSwiftPackageReference;
			repositoryURL = "https://github.com/apple/swift-openapi-urlsession";
			requirement = {
				kind = upToNextMajorVersion;
				minimumVersion = 1.0.2;
			};
		};
/* End XCRemoteSwiftPackageReference section */

/* Begin XCSwiftPackageProductDependency section */
		22D6942E2D1F0DA500691B46 /* OpenAPIRuntime */ = {
			isa = XCSwiftPackageProductDependency;
			package = 22D6941D2D1F015E00691B46 /* XCRemoteSwiftPackageReference "swift-openapi-runtime" */;
			productName = OpenAPIRuntime;
		};
		22D694302D1F0DAA00691B46 /* OpenAPIURLSession */ = {
			isa = XCSwiftPackageProductDependency;
			package = 22D694202D1F017C00691B46 /* XCRemoteSwiftPackageReference "swift-openapi-urlsession" */;
			productName = OpenAPIURLSession;
		};
		22D694322D1F10A900691B46 /* OpenAPIGenerator */ = {
			isa = XCSwiftPackageProductDependency;
			package = 22D694182D1F012E00691B46 /* XCRemoteSwiftPackageReference "swift-openapi-generator" */;
			productName = "plugin:OpenAPIGenerator";
		};
/* End XCSwiftPackageProductDependency section */
	};
	rootObject = 22D693F22D1ECBED00691B46 /* Project object */;
}
